
Microsoft Visual Studio Solution File, Format Version 12.00
# Visual Studio 2012
Project("{FAE04EC0-301F-11D3-BF4B-00C04F79EFBC}") = "K3MIX", "K3MIX\K3MIX.csproj", "{08F1125E-AED4-41EA-8268-E937A696C833}"
EndProject
Global
	GlobalSection(SolutionConfigurationPlatforms) = preSolution
		Debug|Any CPU = Debug|Any CPU
		Release|Any CPU = Release|Any CPU
	EndGlobalSection
	GlobalSection(ProjectConfigurationPlatforms) = postSolution
		{08F1125E-AED4-41EA-8268-E937A696C833}.Debug|Any CPU.ActiveCfg = Debug|Any CPU
		{08F1125E-AED4-41EA-8268-E937A696C833}.Debug|Any CPU.Build.0 = Debug|Any CPU
		{08F1125E-AED4-41EA-8268-E937A696C833}.Release|Any CPU.ActiveCfg = Release|Any CPU
		{08F1125E-AED4-41EA-8268-E937A696C833}.Release|Any CPU.Build.0 = Release|Any CPU
	EndGlobalSection
	GlobalSection(SolutionProperties) = preSolution
		HideSolutionNode = FALSE
	EndGlobalSection
EndGlobal
